
Microsoft Visual Studio Solution File, Format Version 12.00
# Visual Studio Version 17
VisualStudioVersion = 17.0.31903.59
MinimumVisualStudioVersion = 10.0.40219.1
Project("{FAE04EC0-301F-11D3-BF4B-00C04F79EFBC}") = "Security.Abstractions", "Security.Abstractions\Security.Abstractions.csproj", "{C59AB44E-978E-4016-9050-38670AFAFBD9}"
EndProject
Project("{FAE04EC0-301F-11D3-BF4B-00C04F79EFBC}") = "Security.Authorization", "Security.Authorization\Security.Authorization.csproj", "{B162B5DF-9BB1-4F3C-9784-218BF6E3A7C1}"
EndProject
Project("{FAE04EC0-301F-11D3-BF4B-00C04F79EFBC}") = "Security.Authentication", "Security.Authentication\Security.Authentication.csproj", "{17FB8A78-611C-48A7-AD78-A41939619059}"
EndProject
Project("{FAE04EC0-301F-11D3-BF4B-00C04F79EFBC}") = "Security.Authentication.Tests.Unit", "Security.Authentication.Tests.Unit\Security.Authentication.Tests.Unit.csproj", "{EB2F5708-FC4F-403E-97EC-D997652FB76D}"
EndProject
Project("{FAE04EC0-301F-11D3-BF4B-00C04F79EFBC}") = "Security.Authorization.Tests.Unit", "Security.Authorization.Tests.Unit\Security.Authorization.Tests.Unit.csproj", "{5250E799-7258-499E-AAF2-5334FADA12E2}"
EndProject
Project("{FAE04EC0-301F-11D3-BF4B-00C04F79EFBC}") = "Security.Authorization.Api", "Security.Authorization.Api\Security.Authorization.Api.csproj", "{8D56B29E-8EAD-4D6E-87A4-1D03D7C81B56}"
EndProject
Project("{FAE04EC0-301F-11D3-BF4B-00C04F79EFBC}") = "Security.Data.EfCore", "Security.Data.EfCore\Security.Data.EfCore.csproj", "{C11B8D7E-3F1D-4A24-9539-9E0379B4E83B}"
EndProject
Project("{FAE04EC0-301F-11D3-BF4B-00C04F79EFBC}") = "Security.Authentication.Tests.Integration", "Security.Authentication.Tests.Integration\Security.Authentication.Tests.Integration.csproj", "{8894BAC7-2844-4C46-9DB9-A45F5A3CB487}"
EndProject
Project("{FAE04EC0-301F-11D3-BF4B-00C04F79EFBC}") = "Security.Bootstrap.Tests.Integration", "Security.Bootstrap.Tests.Integration\Security.Bootstrap.Tests.Integration.csproj", "{70F3744C-BADE-4FAD-BB16-C4DD32020FF2}"
EndProject
Project("{FAE04EC0-301F-11D3-BF4B-00C04F79EFBC}") = "Security.Authorization.Tests.Integration", "Security.Authorization.Tests.Integration\Security.Authorization.Tests.Integration.csproj", "{AF80A497-4721-400B-839A-4F1350BF54A8}"
EndProject
Global
	GlobalSection(SolutionConfigurationPlatforms) = preSolution
		Debug|Any CPU = Debug|Any CPU
		Debug|x64 = Debug|x64
		Debug|x86 = Debug|x86
		Release|Any CPU = Release|Any CPU
		Release|x64 = Release|x64
		Release|x86 = Release|x86
	EndGlobalSection
	GlobalSection(ProjectConfigurationPlatforms) = postSolution
		{C59AB44E-978E-4016-9050-38670AFAFBD9}.Debug|Any CPU.ActiveCfg = Debug|Any CPU
		{C59AB44E-978E-4016-9050-38670AFAFBD9}.Debug|Any CPU.Build.0 = Debug|Any CPU
		{C59AB44E-978E-4016-9050-38670AFAFBD9}.Debug|x64.ActiveCfg = Debug|Any CPU
		{C59AB44E-978E-4016-9050-38670AFAFBD9}.Debug|x64.Build.0 = Debug|Any CPU
		{C59AB44E-978E-4016-9050-38670AFAFBD9}.Debug|x86.ActiveCfg = Debug|Any CPU
		{C59AB44E-978E-4016-9050-38670AFAFBD9}.Debug|x86.Build.0 = Debug|Any CPU
		{C59AB44E-978E-4016-9050-38670AFAFBD9}.Release|Any CPU.ActiveCfg = Release|Any CPU
		{C59AB44E-978E-4016-9050-38670AFAFBD9}.Release|Any CPU.Build.0 = Release|Any CPU
		{C59AB44E-978E-4016-9050-38670AFAFBD9}.Release|x64.ActiveCfg = Release|Any CPU
		{C59AB44E-978E-4016-9050-38670AFAFBD9}.Release|x64.Build.0 = Release|Any CPU
		{C59AB44E-978E-4016-9050-38670AFAFBD9}.Release|x86.ActiveCfg = Release|Any CPU
		{C59AB44E-978E-4016-9050-38670AFAFBD9}.Release|x86.Build.0 = Release|Any CPU
		{B162B5DF-9BB1-4F3C-9784-218BF6E3A7C1}.Debug|Any CPU.ActiveCfg = Debug|Any CPU
		{B162B5DF-9BB1-4F3C-9784-218BF6E3A7C1}.Debug|Any CPU.Build.0 = Debug|Any CPU
		{B162B5DF-9BB1-4F3C-9784-218BF6E3A7C1}.Debug|x64.ActiveCfg = Debug|Any CPU
		{B162B5DF-9BB1-4F3C-9784-218BF6E3A7C1}.Debug|x64.Build.0 = Debug|Any CPU
		{B162B5DF-9BB1-4F3C-9784-218BF6E3A7C1}.Debug|x86.ActiveCfg = Debug|Any CPU
		{B162B5DF-9BB1-4F3C-9784-218BF6E3A7C1}.Debug|x86.Build.0 = Debug|Any CPU
		{B162B5DF-9BB1-4F3C-9784-218BF6E3A7C1}.Release|Any CPU.ActiveCfg = Release|Any CPU
		{B162B5DF-9BB1-4F3C-9784-218BF6E3A7C1}.Release|Any CPU.Build.0 = Release|Any CPU
		{B162B5DF-9BB1-4F3C-9784-218BF6E3A7C1}.Release|x64.ActiveCfg = Release|Any CPU
		{B162B5DF-9BB1-4F3C-9784-218BF6E3A7C1}.Release|x64.Build.0 = Release|Any CPU
		{B162B5DF-9BB1-4F3C-9784-218BF6E3A7C1}.Release|x86.ActiveCfg = Release|Any CPU
		{B162B5DF-9BB1-4F3C-9784-218BF6E3A7C1}.Release|x86.Build.0 = Release|Any CPU
		{17FB8A78-611C-48A7-AD78-A41939619059}.Debug|Any CPU.ActiveCfg = Debug|Any CPU
		{17FB8A78-611C-48A7-AD78-A41939619059}.Debug|Any CPU.Build.0 = Debug|Any CPU
		{17FB8A78-611C-48A7-AD78-A41939619059}.Debug|x64.ActiveCfg = Debug|Any CPU
		{17FB8A78-611C-48A7-AD78-A41939619059}.Debug|x64.Build.0 = Debug|Any CPU
		{17FB8A78-611C-48A7-AD78-A41939619059}.Debug|x86.ActiveCfg = Debug|Any CPU
		{17FB8A78-611C-48A7-AD78-A41939619059}.Debug|x86.Build.0 = Debug|Any CPU
		{17FB8A78-611C-48A7-AD78-A41939619059}.Release|Any CPU.ActiveCfg = Release|Any CPU
		{17FB8A78-611C-48A7-AD78-A41939619059}.Release|Any CPU.Build.0 = Release|Any CPU
		{17FB8A78-611C-48A7-AD78-A41939619059}.Release|x64.ActiveCfg = Release|Any CPU
		{17FB8A78-611C-48A7-AD78-A41939619059}.Release|x64.Build.0 = Release|Any CPU
		{17FB8A78-611C-48A7-AD78-A41939619059}.Release|x86.ActiveCfg = Release|Any CPU
		{17FB8A78-611C-48A7-AD78-A41939619059}.Release|x86.Build.0 = Release|Any CPU
		{EB2F5708-FC4F-403E-97EC-D997652FB76D}.Debug|Any CPU.ActiveCfg = Debug|Any CPU
		{EB2F5708-FC4F-403E-97EC-D997652FB76D}.Debug|Any CPU.Build.0 = Debug|Any CPU
		{EB2F5708-FC4F-403E-97EC-D997652FB76D}.Debug|x64.ActiveCfg = Debug|Any CPU
		{EB2F5708-FC4F-403E-97EC-D997652FB76D}.Debug|x64.Build.0 = Debug|Any CPU
		{EB2F5708-FC4F-403E-97EC-D997652FB76D}.Debug|x86.ActiveCfg = Debug|Any CPU
		{EB2F5708-FC4F-403E-97EC-D997652FB76D}.Debug|x86.Build.0 = Debug|Any CPU
		{EB2F5708-FC4F-403E-97EC-D997652FB76D}.Release|Any CPU.ActiveCfg = Release|Any CPU
		{EB2F5708-FC4F-403E-97EC-D997652FB76D}.Release|Any CPU.Build.0 = Release|Any CPU
		{EB2F5708-FC4F-403E-97EC-D997652FB76D}.Release|x64.ActiveCfg = Release|Any CPU
		{EB2F5708-FC4F-403E-97EC-D997652FB76D}.Release|x64.Build.0 = Release|Any CPU
		{EB2F5708-FC4F-403E-97EC-D997652FB76D}.Release|x86.ActiveCfg = Release|Any CPU
		{EB2F5708-FC4F-403E-97EC-D997652FB76D}.Release|x86.Build.0 = Release|Any CPU
		{5250E799-7258-499E-AAF2-5334FADA12E2}.Debug|Any CPU.ActiveCfg = Debug|Any CPU
		{5250E799-7258-499E-AAF2-5334FADA12E2}.Debug|Any CPU.Build.0 = Debug|Any CPU
		{5250E799-7258-499E-AAF2-5334FADA12E2}.Debug|x64.ActiveCfg = Debug|Any CPU
		{5250E799-7258-499E-AAF2-5334FADA12E2}.Debug|x64.Build.0 = Debug|Any CPU
		{5250E799-7258-499E-AAF2-5334FADA12E2}.Debug|x86.ActiveCfg = Debug|Any CPU
		{5250E799-7258-499E-AAF2-5334FADA12E2}.Debug|x86.Build.0 = Debug|Any CPU
		{5250E799-7258-499E-AAF2-5334FADA12E2}.Release|Any CPU.ActiveCfg = Release|Any CPU
		{5250E799-7258-499E-AAF2-5334FADA12E2}.Release|Any CPU.Build.0 = Release|Any CPU
		{5250E799-7258-499E-AAF2-5334FADA12E2}.Release|x64.ActiveCfg = Release|Any CPU
		{5250E799-7258-499E-AAF2-5334FADA12E2}.Release|x64.Build.0 = Release|Any CPU
		{5250E799-7258-499E-AAF2-5334FADA12E2}.Release|x86.ActiveCfg = Release|Any CPU
		{5250E799-7258-499E-AAF2-5334FADA12E2}.Release|x86.Build.0 = Release|Any CPU
		{8D56B29E-8EAD-4D6E-87A4-1D03D7C81B56}.Debug|Any CPU.ActiveCfg = Debug|Any CPU
		{8D56B29E-8EAD-4D6E-87A4-1D03D7C81B56}.Debug|Any CPU.Build.0 = Debug|Any CPU
		{8D56B29E-8EAD-4D6E-87A4-1D03D7C81B56}.Debug|x64.ActiveCfg = Debug|Any CPU
		{8D56B29E-8EAD-4D6E-87A4-1D03D7C81B56}.Debug|x64.Build.0 = Debug|Any CPU
		{8D56B29E-8EAD-4D6E-87A4-1D03D7C81B56}.Debug|x86.ActiveCfg = Debug|Any CPU
		{8D56B29E-8EAD-4D6E-87A4-1D03D7C81B56}.Debug|x86.Build.0 = Debug|Any CPU
		{8D56B29E-8EAD-4D6E-87A4-1D03D7C81B56}.Release|Any CPU.ActiveCfg = Release|Any CPU
		{8D56B29E-8EAD-4D6E-87A4-1D03D7C81B56}.Release|Any CPU.Build.0 = Release|Any CPU
		{8D56B29E-8EAD-4D6E-87A4-1D03D7C81B56}.Release|x64.ActiveCfg = Release|Any CPU
		{8D56B29E-8EAD-4D6E-87A4-1D03D7C81B56}.Release|x64.Build.0 = Release|Any CPU
		{8D56B29E-8EAD-4D6E-87A4-1D03D7C81B56}.Release|x86.ActiveCfg = Release|Any CPU
		{8D56B29E-8EAD-4D6E-87A4-1D03D7C81B56}.Release|x86.Build.0 = Release|Any CPU
		{C11B8D7E-3F1D-4A24-9539-9E0379B4E83B}.Debug|Any CPU.ActiveCfg = Debug|Any CPU
		{C11B8D7E-3F1D-4A24-9539-9E0379B4E83B}.Debug|Any CPU.Build.0 = Debug|Any CPU
		{C11B8D7E-3F1D-4A24-9539-9E0379B4E83B}.Debug|x64.ActiveCfg = Debug|Any CPU
		{C11B8D7E-3F1D-4A24-9539-9E0379B4E83B}.Debug|x64.Build.0 = Debug|Any CPU
		{C11B8D7E-3F1D-4A24-9539-9E0379B4E83B}.Debug|x86.ActiveCfg = Debug|Any CPU
		{C11B8D7E-3F1D-4A24-9539-9E0379B4E83B}.Debug|x86.Build.0 = Debug|Any CPU
		{C11B8D7E-3F1D-4A24-9539-9E0379B4E83B}.Release|Any CPU.ActiveCfg = Release|Any CPU
		{C11B8D7E-3F1D-4A24-9539-9E0379B4E83B}.Release|Any CPU.Build.0 = Release|Any CPU
		{C11B8D7E-3F1D-4A24-9539-9E0379B4E83B}.Release|x64.ActiveCfg = Release|Any CPU
		{C11B8D7E-3F1D-4A24-9539-9E0379B4E83B}.Release|x64.Build.0 = Release|Any CPU
		{C11B8D7E-3F1D-4A24-9539-9E0379B4E83B}.Release|x86.ActiveCfg = Release|Any CPU
		{C11B8D7E-3F1D-4A24-9539-9E0379B4E83B}.Release|x86.Build.0 = Release|Any CPU
		{8894BAC7-2844-4C46-9DB9-A45F5A3CB487}.Debug|Any CPU.ActiveCfg = Debug|Any CPU
		{8894BAC7-2844-4C46-9DB9-A45F5A3CB487}.Debug|Any CPU.Build.0 = Debug|Any CPU
		{8894BAC7-2844-4C46-9DB9-A45F5A3CB487}.Debug|x64.ActiveCfg = Debug|Any CPU
		{8894BAC7-2844-4C46-9DB9-A45F5A3CB487}.Debug|x64.Build.0 = Debug|Any CPU
		{8894BAC7-2844-4C46-9DB9-A45F5A3CB487}.Debug|x86.ActiveCfg = Debug|Any CPU
		{8894BAC7-2844-4C46-9DB9-A45F5A3CB487}.Debug|x86.Build.0 = Debug|Any CPU
		{8894BAC7-2844-4C46-9DB9-A45F5A3CB487}.Release|Any CPU.ActiveCfg = Release|Any CPU
		{8894BAC7-2844-4C46-9DB9-A45F5A3CB487}.Release|Any CPU.Build.0 = Release|Any CPU
		{8894BAC7-2844-4C46-9DB9-A45F5A3CB487}.Release|x64.ActiveCfg = Release|Any CPU
		{8894BAC7-2844-4C46-9DB9-A45F5A3CB487}.Release|x64.Build.0 = Release|Any CPU
		{8894BAC7-2844-4C46-9DB9-A45F5A3CB487}.Release|x86.ActiveCfg = Release|Any CPU
		{8894BAC7-2844-4C46-9DB9-A45F5A3CB487}.Release|x86.Build.0 = Release|Any CPU
		{70F3744C-BADE-4FAD-BB16-C4DD32020FF2}.Debug|Any CPU.ActiveCfg = Debug|Any CPU
		{70F3744C-BADE-4FAD-BB16-C4DD32020FF2}.Debug|Any CPU.Build.0 = Debug|Any CPU
		{70F3744C-BADE-4FAD-BB16-C4DD32020FF2}.Debug|x64.ActiveCfg = Debug|Any CPU
		{70F3744C-BADE-4FAD-BB16-C4DD32020FF2}.Debug|x64.Build.0 = Debug|Any CPU
		{70F3744C-BADE-4FAD-BB16-C4DD32020FF2}.Debug|x86.ActiveCfg = Debug|Any CPU
		{70F3744C-BADE-4FAD-BB16-C4DD32020FF2}.Debug|x86.Build.0 = Debug|Any CPU
		{70F3744C-BADE-4FAD-BB16-C4DD32020FF2}.Release|Any CPU.ActiveCfg = Release|Any CPU
		{70F3744C-BADE-4FAD-BB16-C4DD32020FF2}.Release|Any CPU.Build.0 = Release|Any CPU
		{70F3744C-BADE-4FAD-BB16-C4DD32020FF2}.Release|x64.ActiveCfg = Release|Any CPU
		{70F3744C-BADE-4FAD-BB16-C4DD32020FF2}.Release|x64.Build.0 = Release|Any CPU
		{70F3744C-BADE-4FAD-BB16-C4DD32020FF2}.Release|x86.ActiveCfg = Release|Any CPU
		{70F3744C-BADE-4FAD-BB16-C4DD32020FF2}.Release|x86.Build.0 = Release|Any CPU
		{AF80A497-4721-400B-839A-4F1350BF54A8}.Debug|Any CPU.ActiveCfg = Debug|Any CPU
		{AF80A497-4721-400B-839A-4F1350BF54A8}.Debug|Any CPU.Build.0 = Debug|Any CPU
		{AF80A497-4721-400B-839A-4F1350BF54A8}.Debug|x64.ActiveCfg = Debug|Any CPU
		{AF80A497-4721-400B-839A-4F1350BF54A8}.Debug|x64.Build.0 = Debug|Any CPU
		{AF80A497-4721-400B-839A-4F1350BF54A8}.Debug|x86.ActiveCfg = Debug|Any CPU
		{AF80A497-4721-400B-839A-4F1350BF54A8}.Debug|x86.Build.0 = Debug|Any CPU
		{AF80A497-4721-400B-839A-4F1350BF54A8}.Release|Any CPU.ActiveCfg = Release|Any CPU
		{AF80A497-4721-400B-839A-4F1350BF54A8}.Release|Any CPU.Build.0 = Release|Any CPU
		{AF80A497-4721-400B-839A-4F1350BF54A8}.Release|x64.ActiveCfg = Release|Any CPU
		{AF80A497-4721-400B-839A-4F1350BF54A8}.Release|x64.Build.0 = Release|Any CPU
		{AF80A497-4721-400B-839A-4F1350BF54A8}.Release|x86.ActiveCfg = Release|Any CPU
		{AF80A497-4721-400B-839A-4F1350BF54A8}.Release|x86.Build.0 = Release|Any CPU
	EndGlobalSection
	GlobalSection(SolutionProperties) = preSolution
		HideSolutionNode = FALSE
	EndGlobalSection
EndGlobal
